
Microsoft Visual Studio Solution File, Format Version 12.00
# Visual Studio 15
VisualStudioVersion = 15.0.27004.2006
MinimumVisualStudioVersion = 10.0.40219.1
Project("{2150E333-8FDC-42A3-9474-1A3956D46DE8}") = "Application", "Application", "{17A496AA-2CD7-4C3A-B2CB-4E7A1F3A0D75}"
EndProject
Project("{2150E333-8FDC-42A3-9474-1A3956D46DE8}") = "Domain", "Domain", "{0251FEA2-1123-4BC8-AD43-0C8F8561CF6B}"
EndProject
Project("{2150E333-8FDC-42A3-9474-1A3956D46DE8}") = "Infrastructure", "Infrastructure", "{202CC05C-909C-4651-8ACE-73AD16A9E66E}"
EndProject
Project("{2150E333-8FDC-42A3-9474-1A3956D46DE8}") = "Presentation", "Presentation", "{FF62DFC0-0ACD-4437-BD61-90ADFE4674D4}"
EndProject
Project("{9A19103F-16F7-4668-BE54-9A1E7A4F7556}") = "Utils", "Utils\Utils.csproj", "{C2A2653C-78CB-4F28-BB77-44D87E727D9F}"
EndProject
Project("{9A19103F-16F7-4668-BE54-9A1E7A4F7556}") = "Marin", "Marin\Marin.csproj", "{FB9923EE-123E-44B4-8486-DB3DE42A9359}"
EndProject
Project("{9A19103F-16F7-4668-BE54-9A1E7A4F7556}") = "Domain.Common", "Domain.Common\Domain.Common.csproj", "{A1422344-8891-4C1D-AF4F-EFD317DC0589}"
EndProject
Project("{9A19103F-16F7-4668-BE54-9A1E7A4F7556}") = "Domain.Core", "Domain.Core\Domain.Core.csproj", "{FED95C5F-F232-414B-AAEF-AF6D901D32CB}"
EndProject
Project("{9A19103F-16F7-4668-BE54-9A1E7A4F7556}") = "Infrastructure.Security", "Infrastructure.Security\Infrastructure.Security.csproj", "{7FD46263-F00C-4B6B-B670-02BBFE3E32D4}"
EndProject
Project("{9A19103F-16F7-4668-BE54-9A1E7A4F7556}") = "Infrastructure.DAL", "Infrastructure.DAL\Infrastructure.DAL.csproj", "{DC6983A2-A81C-4975-837F-A9ACA2E3E98C}"
EndProject
Project("{9A19103F-16F7-4668-BE54-9A1E7A4F7556}") = "Application.Common", "Application.Common\Application.Common.csproj", "{30F935C3-9A05-428E-97FA-6B6955918DC3}"
EndProject
Project("{9A19103F-16F7-4668-BE54-9A1E7A4F7556}") = "Application.Core", "Application.Core\Application.Core.csproj", "{763F4F75-8F84-4A3C-8239-EEA6F5730A41}"
EndProject
Global
	GlobalSection(SolutionConfigurationPlatforms) = preSolution
		Debug|Any CPU = Debug|Any CPU
		Release|Any CPU = Release|Any CPU
	EndGlobalSection
	GlobalSection(ProjectConfigurationPlatforms) = postSolution
		{C2A2653C-78CB-4F28-BB77-44D87E727D9F}.Debug|Any CPU.ActiveCfg = Debug|Any CPU
		{C2A2653C-78CB-4F28-BB77-44D87E727D9F}.Debug|Any CPU.Build.0 = Debug|Any CPU
		{C2A2653C-78CB-4F28-BB77-44D87E727D9F}.Release|Any CPU.ActiveCfg = Release|Any CPU
		{C2A2653C-78CB-4F28-BB77-44D87E727D9F}.Release|Any CPU.Build.0 = Release|Any CPU
		{FB9923EE-123E-44B4-8486-DB3DE42A9359}.Debug|Any CPU.ActiveCfg = Debug|Any CPU
		{FB9923EE-123E-44B4-8486-DB3DE42A9359}.Debug|Any CPU.Build.0 = Debug|Any CPU
		{FB9923EE-123E-44B4-8486-DB3DE42A9359}.Release|Any CPU.ActiveCfg = Release|Any CPU
		{FB9923EE-123E-44B4-8486-DB3DE42A9359}.Release|Any CPU.Build.0 = Release|Any CPU
		{A1422344-8891-4C1D-AF4F-EFD317DC0589}.Debug|Any CPU.ActiveCfg = Debug|Any CPU
		{A1422344-8891-4C1D-AF4F-EFD317DC0589}.Debug|Any CPU.Build.0 = Debug|Any CPU
		{A1422344-8891-4C1D-AF4F-EFD317DC0589}.Release|Any CPU.ActiveCfg = Release|Any CPU
		{A1422344-8891-4C1D-AF4F-EFD317DC0589}.Release|Any CPU.Build.0 = Release|Any CPU
		{FED95C5F-F232-414B-AAEF-AF6D901D32CB}.Debug|Any CPU.ActiveCfg = Debug|Any CPU
		{FED95C5F-F232-414B-AAEF-AF6D901D32CB}.Debug|Any CPU.Build.0 = Debug|Any CPU
		{FED95C5F-F232-414B-AAEF-AF6D901D32CB}.Release|Any CPU.ActiveCfg = Release|Any CPU
		{FED95C5F-F232-414B-AAEF-AF6D901D32CB}.Release|Any CPU.Build.0 = Release|Any CPU
		{7FD46263-F00C-4B6B-B670-02BBFE3E32D4}.Debug|Any CPU.ActiveCfg = Debug|Any CPU
		{7FD46263-F00C-4B6B-B670-02BBFE3E32D4}.Debug|Any CPU.Build.0 = Debug|Any CPU
		{7FD46263-F00C-4B6B-B670-02BBFE3E32D4}.Release|Any CPU.ActiveCfg = Release|Any CPU
		{7FD46263-F00C-4B6B-B670-02BBFE3E32D4}.Release|Any CPU.Build.0 = Release|Any CPU
		{DC6983A2-A81C-4975-837F-A9ACA2E3E98C}.Debug|Any CPU.ActiveCfg = Debug|Any CPU
		{DC6983A2-A81C-4975-837F-A9ACA2E3E98C}.Debug|Any CPU.Build.0 = Debug|Any CPU
		{DC6983A2-A81C-4975-837F-A9ACA2E3E98C}.Release|Any CPU.ActiveCfg = Release|Any CPU
		{DC6983A2-A81C-4975-837F-A9ACA2E3E98C}.Release|Any CPU.Build.0 = Release|Any CPU
		{30F935C3-9A05-428E-97FA-6B6955918DC3}.Debug|Any CPU.ActiveCfg = Debug|Any CPU
		{30F935C3-9A05-428E-97FA-6B6955918DC3}.Debug|Any CPU.Build.0 = Debug|Any CPU
		{30F935C3-9A05-428E-97FA-6B6955918DC3}.Release|Any CPU.ActiveCfg = Release|Any CPU
		{30F935C3-9A05-428E-97FA-6B6955918DC3}.Release|Any CPU.Build.0 = Release|Any CPU
		{763F4F75-8F84-4A3C-8239-EEA6F5730A41}.Debug|Any CPU.ActiveCfg = Debug|Any CPU
		{763F4F75-8F84-4A3C-8239-EEA6F5730A41}.Debug|Any CPU.Build.0 = Debug|Any CPU
		{763F4F75-8F84-4A3C-8239-EEA6F5730A41}.Release|Any CPU.ActiveCfg = Release|Any CPU
		{763F4F75-8F84-4A3C-8239-EEA6F5730A41}.Release|Any CPU.Build.0 = Release|Any CPU
	EndGlobalSection
	GlobalSection(SolutionProperties) = preSolution
		HideSolutionNode = FALSE
	EndGlobalSection
	GlobalSection(NestedProjects) = preSolution
		{C2A2653C-78CB-4F28-BB77-44D87E727D9F} = {202CC05C-909C-4651-8ACE-73AD16A9E66E}
		{FB9923EE-123E-44B4-8486-DB3DE42A9359} = {FF62DFC0-0ACD-4437-BD61-90ADFE4674D4}
		{A1422344-8891-4C1D-AF4F-EFD317DC0589} = {0251FEA2-1123-4BC8-AD43-0C8F8561CF6B}
		{FED95C5F-F232-414B-AAEF-AF6D901D32CB} = {0251FEA2-1123-4BC8-AD43-0C8F8561CF6B}
		{7FD46263-F00C-4B6B-B670-02BBFE3E32D4} = {202CC05C-909C-4651-8ACE-73AD16A9E66E}
		{DC6983A2-A81C-4975-837F-A9ACA2E3E98C} = {202CC05C-909C-4651-8ACE-73AD16A9E66E}
		{30F935C3-9A05-428E-97FA-6B6955918DC3} = {17A496AA-2CD7-4C3A-B2CB-4E7A1F3A0D75}
		{763F4F75-8F84-4A3C-8239-EEA6F5730A41} = {17A496AA-2CD7-4C3A-B2CB-4E7A1F3A0D75}
	EndGlobalSection
	GlobalSection(ExtensibilityGlobals) = postSolution
		SolutionGuid = {6C51D0AF-9610-4BCB-BD84-C0E0B2FE8661}
	EndGlobalSection
EndGlobal
