
Microsoft Visual Studio Solution File, Format Version 12.00
# Visual Studio 15
VisualStudioVersion = 15.0.26430.16
MinimumVisualStudioVersion = 10.0.40219.1
Project("{9A19103F-16F7-4668-BE54-9A1E7A4F7556}") = "Marin", "Marin\Marin.csproj", "{56164691-00D2-46DD-B5D5-A4F3C87E5AF7}"
EndProject
Project("{2150E333-8FDC-42A3-9474-1A3956D46DE8}") = "Application", "Application", "{17A496AA-2CD7-4C3A-B2CB-4E7A1F3A0D75}"
EndProject
Project("{2150E333-8FDC-42A3-9474-1A3956D46DE8}") = "Domain", "Domain", "{0251FEA2-1123-4BC8-AD43-0C8F8561CF6B}"
EndProject
Project("{2150E333-8FDC-42A3-9474-1A3956D46DE8}") = "Infrastructure", "Infrastructure", "{202CC05C-909C-4651-8ACE-73AD16A9E66E}"
EndProject
Project("{2150E333-8FDC-42A3-9474-1A3956D46DE8}") = "Presentation", "Presentation", "{FF62DFC0-0ACD-4437-BD61-90ADFE4674D4}"
EndProject
Project("{9A19103F-16F7-4668-BE54-9A1E7A4F7556}") = "Application.Common", "Application.Common\Application.Common.csproj", "{7A6265A3-ABB0-4AF9-921B-D1365F227D78}"
EndProject
Project("{9A19103F-16F7-4668-BE54-9A1E7A4F7556}") = "Domain.Common", "Domain.Common\Domain.Common.csproj", "{A4027056-014E-4963-BA63-34BB188257AB}"
EndProject
Project("{9A19103F-16F7-4668-BE54-9A1E7A4F7556}") = "Infrastructure.DAL", "Infrastructure.DAL\Infrastructure.DAL.csproj", "{50C0132F-AD95-4A95-A533-E3DFCF85C5A1}"
EndProject
Project("{FAE04EC0-301F-11D3-BF4B-00C04F79EFBC}") = "Domain.Context", "Domain.Context\Domain.Context.csproj", "{C19DD67C-F617-458E-AA58-7EE61C86C99E}"
EndProject
Project("{FAE04EC0-301F-11D3-BF4B-00C04F79EFBC}") = "Utils", "Utils\Utils.csproj", "{C2A2653C-78CB-4F28-BB77-44D87E727D9F}"
EndProject
Global
	GlobalSection(SolutionConfigurationPlatforms) = preSolution
		Debug|Any CPU = Debug|Any CPU
		Release|Any CPU = Release|Any CPU
	EndGlobalSection
	GlobalSection(ProjectConfigurationPlatforms) = postSolution
		{56164691-00D2-46DD-B5D5-A4F3C87E5AF7}.Debug|Any CPU.ActiveCfg = Debug|Any CPU
		{56164691-00D2-46DD-B5D5-A4F3C87E5AF7}.Debug|Any CPU.Build.0 = Debug|Any CPU
		{56164691-00D2-46DD-B5D5-A4F3C87E5AF7}.Release|Any CPU.ActiveCfg = Release|Any CPU
		{56164691-00D2-46DD-B5D5-A4F3C87E5AF7}.Release|Any CPU.Build.0 = Release|Any CPU
		{7A6265A3-ABB0-4AF9-921B-D1365F227D78}.Debug|Any CPU.ActiveCfg = Debug|Any CPU
		{7A6265A3-ABB0-4AF9-921B-D1365F227D78}.Debug|Any CPU.Build.0 = Debug|Any CPU
		{7A6265A3-ABB0-4AF9-921B-D1365F227D78}.Release|Any CPU.ActiveCfg = Release|Any CPU
		{7A6265A3-ABB0-4AF9-921B-D1365F227D78}.Release|Any CPU.Build.0 = Release|Any CPU
		{A4027056-014E-4963-BA63-34BB188257AB}.Debug|Any CPU.ActiveCfg = Debug|Any CPU
		{A4027056-014E-4963-BA63-34BB188257AB}.Debug|Any CPU.Build.0 = Debug|Any CPU
		{A4027056-014E-4963-BA63-34BB188257AB}.Release|Any CPU.ActiveCfg = Release|Any CPU
		{A4027056-014E-4963-BA63-34BB188257AB}.Release|Any CPU.Build.0 = Release|Any CPU
		{50C0132F-AD95-4A95-A533-E3DFCF85C5A1}.Debug|Any CPU.ActiveCfg = Debug|Any CPU
		{50C0132F-AD95-4A95-A533-E3DFCF85C5A1}.Debug|Any CPU.Build.0 = Debug|Any CPU
		{50C0132F-AD95-4A95-A533-E3DFCF85C5A1}.Release|Any CPU.ActiveCfg = Release|Any CPU
		{50C0132F-AD95-4A95-A533-E3DFCF85C5A1}.Release|Any CPU.Build.0 = Release|Any CPU
		{C19DD67C-F617-458E-AA58-7EE61C86C99E}.Debug|Any CPU.ActiveCfg = Debug|Any CPU
		{C19DD67C-F617-458E-AA58-7EE61C86C99E}.Debug|Any CPU.Build.0 = Debug|Any CPU
		{C19DD67C-F617-458E-AA58-7EE61C86C99E}.Release|Any CPU.ActiveCfg = Release|Any CPU
		{C19DD67C-F617-458E-AA58-7EE61C86C99E}.Release|Any CPU.Build.0 = Release|Any CPU
		{C2A2653C-78CB-4F28-BB77-44D87E727D9F}.Debug|Any CPU.ActiveCfg = Debug|Any CPU
		{C2A2653C-78CB-4F28-BB77-44D87E727D9F}.Debug|Any CPU.Build.0 = Debug|Any CPU
		{C2A2653C-78CB-4F28-BB77-44D87E727D9F}.Release|Any CPU.ActiveCfg = Release|Any CPU
		{C2A2653C-78CB-4F28-BB77-44D87E727D9F}.Release|Any CPU.Build.0 = Release|Any CPU
	EndGlobalSection
	GlobalSection(SolutionProperties) = preSolution
		HideSolutionNode = FALSE
	EndGlobalSection
	GlobalSection(NestedProjects) = preSolution
		{56164691-00D2-46DD-B5D5-A4F3C87E5AF7} = {FF62DFC0-0ACD-4437-BD61-90ADFE4674D4}
		{7A6265A3-ABB0-4AF9-921B-D1365F227D78} = {17A496AA-2CD7-4C3A-B2CB-4E7A1F3A0D75}
		{A4027056-014E-4963-BA63-34BB188257AB} = {0251FEA2-1123-4BC8-AD43-0C8F8561CF6B}
		{50C0132F-AD95-4A95-A533-E3DFCF85C5A1} = {202CC05C-909C-4651-8ACE-73AD16A9E66E}
		{C19DD67C-F617-458E-AA58-7EE61C86C99E} = {0251FEA2-1123-4BC8-AD43-0C8F8561CF6B}
		{C2A2653C-78CB-4F28-BB77-44D87E727D9F} = {202CC05C-909C-4651-8ACE-73AD16A9E66E}
	EndGlobalSection
EndGlobal
